Microsoft Visual Studio Solution File, Format Version 12.00
# Visual Studio Version 17
VisualStudioVersion = 17.5.2.0
MinimumVisualStudioVersion = 10.0.40219.1
Project("{FAE04EC0-301F-11D3-BF4B-00C04F79EFBC}") = "CRMDbOAI", "CRMDbOAI.csproj", "{DEBA3BB0-9ABB-A145-05D3-3116421755E4}"
EndProject
Global
	GlobalSection(SolutionConfigurationPlatforms) = preSolution
		Debug|Any CPU = Debug|Any CPU
		Release|Any CPU = Release|Any CPU
	EndGlobalSection
	GlobalSection(ProjectConfigurationPlatforms) = postSolution
		{DEBA3BB0-9ABB-A145-05D3-3116421755E4}.Debug|Any CPU.ActiveCfg = Debug|Any CPU
		{DEBA3BB0-9ABB-A145-05D3-3116421755E4}.Debug|Any CPU.Build.0 = Debug|Any CPU
		{DEBA3BB0-9ABB-A145-05D3-3116421755E4}.Release|Any CPU.ActiveCfg = Release|Any CPU
		{DEBA3BB0-9ABB-A145-05D3-3116421755E4}.Release|Any CPU.Build.0 = Release|Any CPU
	EndGlobalSection
	GlobalSection(SolutionProperties) = preSolution
		HideSolutionNode = FALSE
	EndGlobalSection
	GlobalSection(ExtensibilityGlobals) = postSolution
		SolutionGuid = {55739420-4BB2-4356-88E1-830CC3649E8A}
	EndGlobalSection
EndGlobal
